
Microsoft Visual Studio Solution File, Format Version 12.00
# Visual Studio Version 17
VisualStudioVersion = 17.9.34902.65
MinimumVisualStudioVersion = 10.0.40219.1
Project("{FAE04EC0-301F-11D3-BF4B-00C04F79EFBC}") = "LogManager", "LogManager\LogManager.csproj", "{31F5525B-8D57-4CC1-B577-B6A0A8DF7679}"
EndProject
Project("{FAE04EC0-301F-11D3-BF4B-00C04F79EFBC}") = "ClassToIni", "ClassToIni\ClassToIni.csproj", "{C4C2034F-7767-4758-93BE-8466CE3697C5}"
EndProject
Global
	GlobalSection(SolutionConfigurationPlatforms) = preSolution
		Debug|Any CPU = Debug|Any CPU
		Release|Any CPU = Release|Any CPU
	EndGlobalSection
	GlobalSection(ProjectConfigurationPlatforms) = postSolution
		{31F5525B-8D57-4CC1-B577-B6A0A8DF7679}.Debug|Any CPU.ActiveCfg = Debug|Any CPU
		{31F5525B-8D57-4CC1-B577-B6A0A8DF7679}.Debug|Any CPU.Build.0 = Debug|Any CPU
		{31F5525B-8D57-4CC1-B577-B6A0A8DF7679}.Release|Any CPU.ActiveCfg = Release|Any CPU
		{31F5525B-8D57-4CC1-B577-B6A0A8DF7679}.Release|Any CPU.Build.0 = Release|Any CPU
		{C4C2034F-7767-4758-93BE-8466CE3697C5}.Debug|Any CPU.ActiveCfg = Debug|Any CPU
		{C4C2034F-7767-4758-93BE-8466CE3697C5}.Debug|Any CPU.Build.0 = Debug|Any CPU
		{C4C2034F-7767-4758-93BE-8466CE3697C5}.Release|Any CPU.ActiveCfg = Release|Any CPU
		{C4C2034F-7767-4758-93BE-8466CE3697C5}.Release|Any CPU.Build.0 = Release|Any CPU
	EndGlobalSection
	GlobalSection(SolutionProperties) = preSolution
		HideSolutionNode = FALSE
	EndGlobalSection
	GlobalSection(ExtensibilityGlobals) = postSolution
		SolutionGuid = {B60D2DB5-B832-4C8B-948F-901F59237C14}
	EndGlobalSection
EndGlobal
